
Microsoft Visual Studio Solution File, Format Version 12.00
# Visual Studio 2012
Project("{2150E333-8FDC-42A3-9474-1A3956D46DE8}") = "Solution Items", "Solution Items", "{F0C51C5C-F9A7-4108-93C2-6C60CC4356F7}"
	ProjectSection(SolutionItems) = preProject
		..\clean.bat = ..\clean.bat
		..\LICENSE.md = ..\LICENSE.md
		..\pack-nuget.bat = ..\pack-nuget.bat
		..\push-nuget.bat = ..\push-nuget.bat
		..\README.md = ..\README.md
		..\TODO.md = ..\TODO.md
		..\tweetsharp.nuspec = ..\tweetsharp.nuspec
	EndProjectSection
EndProject
Project("{FAE04EC0-301F-11D3-BF4B-00C04F79EFBC}") = "TweetSharp.Net20", "TweetSharp.Net20\TweetSharp.Net20.csproj", "{7FEC89B1-DFFC-47BD-A8EF-B1F4883995A3}"
EndProject
Project("{FAE04EC0-301F-11D3-BF4B-00C04F79EFBC}") = "TweetSharp.Net35", "TweetSharp.Net35\TweetSharp.Net35.csproj", "{5D8BE3B2-C51F-4A81-9E4F-8607C09C966A}"
EndProject
Project("{FAE04EC0-301F-11D3-BF4B-00C04F79EFBC}") = "TweetSharp", "TweetSharp\TweetSharp.csproj", "{10BFAA13-B836-4B37-B2D3-D4FEB3F3C484}"
EndProject
Project("{FAE04EC0-301F-11D3-BF4B-00C04F79EFBC}") = "TweetSharp.WindowsPhone", "TweetSharp.WindowsPhone\TweetSharp.WindowsPhone.csproj", "{C1BDDF6E-0BB1-43B9-AA2C-3F0BAFFA263D}"
EndProject
Project("{FAE04EC0-301F-11D3-BF4B-00C04F79EFBC}") = "TweetSharp.WindowsPhone.Mango", "TweetSharp.WindowsPhone.Mango\TweetSharp.WindowsPhone.Mango.csproj", "{51554319-87B7-4D38-9DDA-8F771FDA70FD}"
EndProject
Project("{FAE04EC0-301F-11D3-BF4B-00C04F79EFBC}") = "TweetSharp.Tests", "TweetSharp.Tests\TweetSharp.Tests.csproj", "{D108B521-B7E1-4ED4-AB38-27A6C9685AF6}"
EndProject
Project("{FAE04EC0-301F-11D3-BF4B-00C04F79EFBC}") = "Hammock.ClientProfile", "..\..\hammock\src\net40\Hammock.ClientProfile\Hammock.ClientProfile.csproj", "{487B7E3C-9689-47BC-8785-73CCD92A3749}"
EndProject
Project("{FAE04EC0-301F-11D3-BF4B-00C04F79EFBC}") = "Hammock", "..\..\hammock\src\net40\Hammock\Hammock.csproj", "{CD569558-9092-466B-8670-EA1B151150E0}"
EndProject
Project("{2150E333-8FDC-42A3-9474-1A3956D46DE8}") = "Supporting", "Supporting", "{807D5E1A-2556-4BE2-983C-4BEEB76EF14C}"
EndProject
Project("{2150E333-8FDC-42A3-9474-1A3956D46DE8}") = ".NET 2.0", ".NET 2.0", "{8F00576C-894C-4826-ADD7-353442061512}"
EndProject
Project("{2150E333-8FDC-42A3-9474-1A3956D46DE8}") = ".NET 4.0", ".NET 4.0", "{15F56C83-A8BE-443B-9A27-DD803415EA29}"
EndProject
Project("{FAE04EC0-301F-11D3-BF4B-00C04F79EFBC}") = "Hammock", "..\..\hammock\src\net20\Hammock\Hammock.csproj", "{80647B8C-E162-4E34-A758-590280F11B97}"
EndProject
Project("{2150E333-8FDC-42A3-9474-1A3956D46DE8}") = ".NET 3.5", ".NET 3.5", "{36771F4A-2766-4535-A319-3A5470A8FE07}"
EndProject
Project("{FAE04EC0-301F-11D3-BF4B-00C04F79EFBC}") = "Hammock", "..\..\hammock\src\net35\Hammock\Hammock.csproj", "{6679078A-C585-4CB6-96E9-908DBDAA2716}"
EndProject
Project("{FAE04EC0-301F-11D3-BF4B-00C04F79EFBC}") = "Hammock.ClientProfile", "..\..\hammock\src\net35\Hammock.ClientProfile\Hammock.ClientProfile.csproj", "{73015806-7BE4-4BAB-AA07-ACC719EFE85A}"
EndProject
Project("{2150E333-8FDC-42A3-9474-1A3956D46DE8}") = "SL4", "SL4", "{835537AF-8AF3-4E4E-9201-0127BBB24AE4}"
EndProject
Project("{FAE04EC0-301F-11D3-BF4B-00C04F79EFBC}") = "Hammock.WindowsPhone", "..\..\hammock\src\net40\Hammock.WindowsPhone\Hammock.WindowsPhone.csproj", "{3059FD1C-4B4B-4460-A0D4-53C84CCE6CAC}"
EndProject
Project("{FAE04EC0-301F-11D3-BF4B-00C04F79EFBC}") = "Hammock.WindowsPhone.Mango", "..\..\hammock\src\net40\Hammock.WindowsPhone.Mango\Hammock.WindowsPhone.Mango.csproj", "{CD029D13-5037-43A6-8CD9-5F12B00A7DE0}"
EndProject
Project("{FAE04EC0-301F-11D3-BF4B-00C04F79EFBC}") = "ICSharpCode.SharpZipLib.WindowsPhone", "..\..\hammock\src\net40\ICSharpCode.SharpZipLib.WindowsPhone\ICSharpCode.SharpZipLib.WindowsPhone.csproj", "{BF04A546-D681-4F5A-AC41-CFC67CAEC66E}"
EndProject
Global
	GlobalSection(SolutionConfigurationPlatforms) = preSolution
		ClientProfiles|Any CPU = ClientProfiles|Any CPU
		Debug|Any CPU = Debug|Any CPU
		Mono|Any CPU = Mono|Any CPU
		Release|Any CPU = Release|Any CPU
	EndGlobalSection
	GlobalSection(ProjectConfigurationPlatforms) = postSolution
		{7FEC89B1-DFFC-47BD-A8EF-B1F4883995A3}.ClientProfiles|Any CPU.ActiveCfg = Release|Any CPU
		{7FEC89B1-DFFC-47BD-A8EF-B1F4883995A3}.ClientProfiles|Any CPU.Build.0 = Release|Any CPU
		{7FEC89B1-DFFC-47BD-A8EF-B1F4883995A3}.Debug|Any CPU.ActiveCfg = Debug|Any CPU
		{7FEC89B1-DFFC-47BD-A8EF-B1F4883995A3}.Debug|Any CPU.Build.0 = Debug|Any CPU
		{7FEC89B1-DFFC-47BD-A8EF-B1F4883995A3}.Mono|Any CPU.ActiveCfg = Release|Any CPU
		{7FEC89B1-DFFC-47BD-A8EF-B1F4883995A3}.Mono|Any CPU.Build.0 = Release|Any CPU
		{7FEC89B1-DFFC-47BD-A8EF-B1F4883995A3}.Release|Any CPU.ActiveCfg = Release|Any CPU
		{7FEC89B1-DFFC-47BD-A8EF-B1F4883995A3}.Release|Any CPU.Build.0 = Release|Any CPU
		{5D8BE3B2-C51F-4A81-9E4F-8607C09C966A}.ClientProfiles|Any CPU.ActiveCfg = Release|Any CPU
		{5D8BE3B2-C51F-4A81-9E4F-8607C09C966A}.ClientProfiles|Any CPU.Build.0 = Release|Any CPU
		{5D8BE3B2-C51F-4A81-9E4F-8607C09C966A}.Debug|Any CPU.ActiveCfg = Debug|Any CPU
		{5D8BE3B2-C51F-4A81-9E4F-8607C09C966A}.Debug|Any CPU.Build.0 = Debug|Any CPU
		{5D8BE3B2-C51F-4A81-9E4F-8607C09C966A}.Mono|Any CPU.ActiveCfg = Release|Any CPU
		{5D8BE3B2-C51F-4A81-9E4F-8607C09C966A}.Mono|Any CPU.Build.0 = Release|Any CPU
		{5D8BE3B2-C51F-4A81-9E4F-8607C09C966A}.Release|Any CPU.ActiveCfg = Release|Any CPU
		{5D8BE3B2-C51F-4A81-9E4F-8607C09C966A}.Release|Any CPU.Build.0 = Release|Any CPU
		{10BFAA13-B836-4B37-B2D3-D4FEB3F3C484}.ClientProfiles|Any CPU.ActiveCfg = Release|Any CPU
		{10BFAA13-B836-4B37-B2D3-D4FEB3F3C484}.ClientProfiles|Any CPU.Build.0 = Release|Any CPU
		{10BFAA13-B836-4B37-B2D3-D4FEB3F3C484}.Debug|Any CPU.ActiveCfg = Debug|Any CPU
		{10BFAA13-B836-4B37-B2D3-D4FEB3F3C484}.Debug|Any CPU.Build.0 = Debug|Any CPU
		{10BFAA13-B836-4B37-B2D3-D4FEB3F3C484}.Mono|Any CPU.ActiveCfg = Release|Any CPU
		{10BFAA13-B836-4B37-B2D3-D4FEB3F3C484}.Mono|Any CPU.Build.0 = Release|Any CPU
		{10BFAA13-B836-4B37-B2D3-D4FEB3F3C484}.Release|Any CPU.ActiveCfg = Release|Any CPU
		{10BFAA13-B836-4B37-B2D3-D4FEB3F3C484}.Release|Any CPU.Build.0 = Release|Any CPU
		{C1BDDF6E-0BB1-43B9-AA2C-3F0BAFFA263D}.ClientProfiles|Any CPU.ActiveCfg = Release|Any CPU
		{C1BDDF6E-0BB1-43B9-AA2C-3F0BAFFA263D}.ClientProfiles|Any CPU.Build.0 = Release|Any CPU
		{C1BDDF6E-0BB1-43B9-AA2C-3F0BAFFA263D}.Debug|Any CPU.ActiveCfg = Debug|Any CPU
		{C1BDDF6E-0BB1-43B9-AA2C-3F0BAFFA263D}.Debug|Any CPU.Build.0 = Debug|Any CPU
		{C1BDDF6E-0BB1-43B9-AA2C-3F0BAFFA263D}.Mono|Any CPU.ActiveCfg = Release|Any CPU
		{C1BDDF6E-0BB1-43B9-AA2C-3F0BAFFA263D}.Mono|Any CPU.Build.0 = Release|Any CPU
		{C1BDDF6E-0BB1-43B9-AA2C-3F0BAFFA263D}.Release|Any CPU.ActiveCfg = Release|Any CPU
		{C1BDDF6E-0BB1-43B9-AA2C-3F0BAFFA263D}.Release|Any CPU.Build.0 = Release|Any CPU
		{51554319-87B7-4D38-9DDA-8F771FDA70FD}.ClientProfiles|Any CPU.ActiveCfg = Release|Any CPU
		{51554319-87B7-4D38-9DDA-8F771FDA70FD}.ClientProfiles|Any CPU.Build.0 = Release|Any CPU
		{51554319-87B7-4D38-9DDA-8F771FDA70FD}.Debug|Any CPU.ActiveCfg = Debug|Any CPU
		{51554319-87B7-4D38-9DDA-8F771FDA70FD}.Debug|Any CPU.Build.0 = Debug|Any CPU
		{51554319-87B7-4D38-9DDA-8F771FDA70FD}.Mono|Any CPU.ActiveCfg = Release|Any CPU
		{51554319-87B7-4D38-9DDA-8F771FDA70FD}.Mono|Any CPU.Build.0 = Release|Any CPU
		{51554319-87B7-4D38-9DDA-8F771FDA70FD}.Release|Any CPU.ActiveCfg = Release|Any CPU
		{51554319-87B7-4D38-9DDA-8F771FDA70FD}.Release|Any CPU.Build.0 = Release|Any CPU
		{D108B521-B7E1-4ED4-AB38-27A6C9685AF6}.ClientProfiles|Any CPU.ActiveCfg = Release|Any CPU
		{D108B521-B7E1-4ED4-AB38-27A6C9685AF6}.ClientProfiles|Any CPU.Build.0 = Release|Any CPU
		{D108B521-B7E1-4ED4-AB38-27A6C9685AF6}.Debug|Any CPU.ActiveCfg = Debug|Any CPU
		{D108B521-B7E1-4ED4-AB38-27A6C9685AF6}.Debug|Any CPU.Build.0 = Debug|Any CPU
		{D108B521-B7E1-4ED4-AB38-27A6C9685AF6}.Mono|Any CPU.ActiveCfg = Release|Any CPU
		{D108B521-B7E1-4ED4-AB38-27A6C9685AF6}.Mono|Any CPU.Build.0 = Release|Any CPU
		{D108B521-B7E1-4ED4-AB38-27A6C9685AF6}.Release|Any CPU.ActiveCfg = Release|Any CPU
		{D108B521-B7E1-4ED4-AB38-27A6C9685AF6}.Release|Any CPU.Build.0 = Release|Any CPU
		{487B7E3C-9689-47BC-8785-73CCD92A3749}.ClientProfiles|Any CPU.ActiveCfg = Release|Any CPU
		{487B7E3C-9689-47BC-8785-73CCD92A3749}.ClientProfiles|Any CPU.Build.0 = Release|Any CPU
		{487B7E3C-9689-47BC-8785-73CCD92A3749}.Debug|Any CPU.ActiveCfg = Debug|Any CPU
		{487B7E3C-9689-47BC-8785-73CCD92A3749}.Debug|Any CPU.Build.0 = Debug|Any CPU
		{487B7E3C-9689-47BC-8785-73CCD92A3749}.Mono|Any CPU.ActiveCfg = Release|Any CPU
		{487B7E3C-9689-47BC-8785-73CCD92A3749}.Mono|Any CPU.Build.0 = Release|Any CPU
		{487B7E3C-9689-47BC-8785-73CCD92A3749}.Release|Any CPU.ActiveCfg = Release|Any CPU
		{487B7E3C-9689-47BC-8785-73CCD92A3749}.Release|Any CPU.Build.0 = Release|Any CPU
		{CD569558-9092-466B-8670-EA1B151150E0}.ClientProfiles|Any CPU.ActiveCfg = ClientProfiles|Any CPU
		{CD569558-9092-466B-8670-EA1B151150E0}.ClientProfiles|Any CPU.Build.0 = ClientProfiles|Any CPU
		{CD569558-9092-466B-8670-EA1B151150E0}.Debug|Any CPU.ActiveCfg = Debug|Any CPU
		{CD569558-9092-466B-8670-EA1B151150E0}.Debug|Any CPU.Build.0 = Debug|Any CPU
		{CD569558-9092-466B-8670-EA1B151150E0}.Mono|Any CPU.ActiveCfg = ClientProfiles|Any CPU
		{CD569558-9092-466B-8670-EA1B151150E0}.Mono|Any CPU.Build.0 = ClientProfiles|Any CPU
		{CD569558-9092-466B-8670-EA1B151150E0}.Release|Any CPU.ActiveCfg = Release|Any CPU
		{CD569558-9092-466B-8670-EA1B151150E0}.Release|Any CPU.Build.0 = Release|Any CPU
		{80647B8C-E162-4E34-A758-590280F11B97}.ClientProfiles|Any CPU.ActiveCfg = Release|Any CPU
		{80647B8C-E162-4E34-A758-590280F11B97}.ClientProfiles|Any CPU.Build.0 = Release|Any CPU
		{80647B8C-E162-4E34-A758-590280F11B97}.Debug|Any CPU.ActiveCfg = Debug|Any CPU
		{80647B8C-E162-4E34-A758-590280F11B97}.Debug|Any CPU.Build.0 = Debug|Any CPU
		{80647B8C-E162-4E34-A758-590280F11B97}.Mono|Any CPU.ActiveCfg = Release|Any CPU
		{80647B8C-E162-4E34-A758-590280F11B97}.Mono|Any CPU.Build.0 = Release|Any CPU
		{80647B8C-E162-4E34-A758-590280F11B97}.Release|Any CPU.ActiveCfg = Release|Any CPU
		{80647B8C-E162-4E34-A758-590280F11B97}.Release|Any CPU.Build.0 = Release|Any CPU
		{6679078A-C585-4CB6-96E9-908DBDAA2716}.ClientProfiles|Any CPU.ActiveCfg = Mono|Any CPU
		{6679078A-C585-4CB6-96E9-908DBDAA2716}.ClientProfiles|Any CPU.Build.0 = Mono|Any CPU
		{6679078A-C585-4CB6-96E9-908DBDAA2716}.Debug|Any CPU.ActiveCfg = Debug|Any CPU
		{6679078A-C585-4CB6-96E9-908DBDAA2716}.Debug|Any CPU.Build.0 = Debug|Any CPU
		{6679078A-C585-4CB6-96E9-908DBDAA2716}.Mono|Any CPU.ActiveCfg = Mono|Any CPU
		{6679078A-C585-4CB6-96E9-908DBDAA2716}.Mono|Any CPU.Build.0 = Mono|Any CPU
		{6679078A-C585-4CB6-96E9-908DBDAA2716}.Release|Any CPU.ActiveCfg = Release|Any CPU
		{6679078A-C585-4CB6-96E9-908DBDAA2716}.Release|Any CPU.Build.0 = Release|Any CPU
		{73015806-7BE4-4BAB-AA07-ACC719EFE85A}.ClientProfiles|Any CPU.ActiveCfg = Release|Any CPU
		{73015806-7BE4-4BAB-AA07-ACC719EFE85A}.ClientProfiles|Any CPU.Build.0 = Release|Any CPU
		{73015806-7BE4-4BAB-AA07-ACC719EFE85A}.Debug|Any CPU.ActiveCfg = Debug|Any CPU
		{73015806-7BE4-4BAB-AA07-ACC719EFE85A}.Debug|Any CPU.Build.0 = Debug|Any CPU
		{73015806-7BE4-4BAB-AA07-ACC719EFE85A}.Mono|Any CPU.ActiveCfg = Release|Any CPU
		{73015806-7BE4-4BAB-AA07-ACC719EFE85A}.Mono|Any CPU.Build.0 = Release|Any CPU
		{73015806-7BE4-4BAB-AA07-ACC719EFE85A}.Release|Any CPU.ActiveCfg = Release|Any CPU
		{73015806-7BE4-4BAB-AA07-ACC719EFE85A}.Release|Any CPU.Build.0 = Release|Any CPU
		{3059FD1C-4B4B-4460-A0D4-53C84CCE6CAC}.ClientProfiles|Any CPU.ActiveCfg = ClientProfiles|Any CPU
		{3059FD1C-4B4B-4460-A0D4-53C84CCE6CAC}.ClientProfiles|Any CPU.Build.0 = ClientProfiles|Any CPU
		{3059FD1C-4B4B-4460-A0D4-53C84CCE6CAC}.Debug|Any CPU.ActiveCfg = Debug|Any CPU
		{3059FD1C-4B4B-4460-A0D4-53C84CCE6CAC}.Debug|Any CPU.Build.0 = Debug|Any CPU
		{3059FD1C-4B4B-4460-A0D4-53C84CCE6CAC}.Mono|Any CPU.ActiveCfg = ClientProfiles|Any CPU
		{3059FD1C-4B4B-4460-A0D4-53C84CCE6CAC}.Mono|Any CPU.Build.0 = ClientProfiles|Any CPU
		{3059FD1C-4B4B-4460-A0D4-53C84CCE6CAC}.Release|Any CPU.ActiveCfg = Release|Any CPU
		{3059FD1C-4B4B-4460-A0D4-53C84CCE6CAC}.Release|Any CPU.Build.0 = Release|Any CPU
		{CD029D13-5037-43A6-8CD9-5F12B00A7DE0}.ClientProfiles|Any CPU.ActiveCfg = Release|Any CPU
		{CD029D13-5037-43A6-8CD9-5F12B00A7DE0}.ClientProfiles|Any CPU.Build.0 = Release|Any CPU
		{CD029D13-5037-43A6-8CD9-5F12B00A7DE0}.Debug|Any CPU.ActiveCfg = Debug|Any CPU
		{CD029D13-5037-43A6-8CD9-5F12B00A7DE0}.Debug|Any CPU.Build.0 = Debug|Any CPU
		{CD029D13-5037-43A6-8CD9-5F12B00A7DE0}.Mono|Any CPU.ActiveCfg = Release|Any CPU
		{CD029D13-5037-43A6-8CD9-5F12B00A7DE0}.Mono|Any CPU.Build.0 = Release|Any CPU
		{CD029D13-5037-43A6-8CD9-5F12B00A7DE0}.Release|Any CPU.ActiveCfg = Release|Any CPU
		{CD029D13-5037-43A6-8CD9-5F12B00A7DE0}.Release|Any CPU.Build.0 = Release|Any CPU
		{BF04A546-D681-4F5A-AC41-CFC67CAEC66E}.ClientProfiles|Any CPU.ActiveCfg = Release|Any CPU
		{BF04A546-D681-4F5A-AC41-CFC67CAEC66E}.ClientProfiles|Any CPU.Build.0 = Release|Any CPU
		{BF04A546-D681-4F5A-AC41-CFC67CAEC66E}.Debug|Any CPU.ActiveCfg = Debug|Any CPU
		{BF04A546-D681-4F5A-AC41-CFC67CAEC66E}.Debug|Any CPU.Build.0 = Debug|Any CPU
		{BF04A546-D681-4F5A-AC41-CFC67CAEC66E}.Mono|Any CPU.ActiveCfg = Release|Any CPU
		{BF04A546-D681-4F5A-AC41-CFC67CAEC66E}.Mono|Any CPU.Build.0 = Release|Any CPU
		{BF04A546-D681-4F5A-AC41-CFC67CAEC66E}.Release|Any CPU.ActiveCfg = Release|Any CPU
		{BF04A546-D681-4F5A-AC41-CFC67CAEC66E}.Release|Any CPU.Build.0 = Release|Any CPU
	EndGlobalSection
	GlobalSection(SolutionProperties) = preSolution
		HideSolutionNode = FALSE
	EndGlobalSection
	GlobalSection(NestedProjects) = preSolution
		{8F00576C-894C-4826-ADD7-353442061512} = {807D5E1A-2556-4BE2-983C-4BEEB76EF14C}
		{15F56C83-A8BE-443B-9A27-DD803415EA29} = {807D5E1A-2556-4BE2-983C-4BEEB76EF14C}
		{36771F4A-2766-4535-A319-3A5470A8FE07} = {807D5E1A-2556-4BE2-983C-4BEEB76EF14C}
		{835537AF-8AF3-4E4E-9201-0127BBB24AE4} = {807D5E1A-2556-4BE2-983C-4BEEB76EF14C}
		{80647B8C-E162-4E34-A758-590280F11B97} = {8F00576C-894C-4826-ADD7-353442061512}
		{CD569558-9092-466B-8670-EA1B151150E0} = {15F56C83-A8BE-443B-9A27-DD803415EA29}
		{487B7E3C-9689-47BC-8785-73CCD92A3749} = {15F56C83-A8BE-443B-9A27-DD803415EA29}
		{6679078A-C585-4CB6-96E9-908DBDAA2716} = {36771F4A-2766-4535-A319-3A5470A8FE07}
		{73015806-7BE4-4BAB-AA07-ACC719EFE85A} = {36771F4A-2766-4535-A319-3A5470A8FE07}
		{3059FD1C-4B4B-4460-A0D4-53C84CCE6CAC} = {835537AF-8AF3-4E4E-9201-0127BBB24AE4}
		{CD029D13-5037-43A6-8CD9-5F12B00A7DE0} = {835537AF-8AF3-4E4E-9201-0127BBB24AE4}
		{BF04A546-D681-4F5A-AC41-CFC67CAEC66E} = {835537AF-8AF3-4E4E-9201-0127BBB24AE4}
	EndGlobalSection
EndGlobal
