
Microsoft Visual Studio Solution File, Format Version 11.00
# Visual Studio 2010
Project("{2150E333-8FDC-42A3-9474-1A3956D46DE8}") = "Solution Items", "Solution Items", "{F0C51C5C-F9A7-4108-93C2-6C60CC4356F7}"
	ProjectSection(SolutionItems) = preProject
		..\clean.bat = ..\clean.bat
		..\LICENSE = ..\LICENSE
		..\pack-nuget.bat = ..\pack-nuget.bat
		..\README.markdown = ..\README.markdown
		..\tweetsharp.nuspec = ..\tweetsharp.nuspec
	EndProjectSection
EndProject
Project("{FAE04EC0-301F-11D3-BF4B-00C04F79EFBC}") = "TweetSharp.WindowsPhone", "net40\TweetSharp.Next.WindowsPhone\TweetSharp.WindowsPhone.csproj", "{C1BDDF6E-0BB1-43B9-AA2C-3F0BAFFA263D}"
EndProject
Project("{FAE04EC0-301F-11D3-BF4B-00C04F79EFBC}") = "TweetSharp.WindowsPhone.Fluent", "net40\TweetSharp.Next.WindowsPhone.Fluent\TweetSharp.WindowsPhone.Fluent.csproj", "{5BE8393A-831B-42B1-A8F2-4E449E49E920}"
EndProject
Project("{FAE04EC0-301F-11D3-BF4B-00C04F79EFBC}") = "TweetSharp.Demo.WindowsPhone", "net40\TweetSharp.Demo.WindowsPhone\TweetSharp.Demo.WindowsPhone.csproj", "{6B2D8183-EF43-41B6-8BD3-51045B14705A}"
EndProject
Project("{FAE04EC0-301F-11D3-BF4B-00C04F79EFBC}") = "Hammock.WindowsPhone", "..\..\hammock\src\net40\Hammock.WindowsPhone\Hammock.WindowsPhone.csproj", "{3059FD1C-4B4B-4460-A0D4-53C84CCE6CAC}"
EndProject
Global
	GlobalSection(SolutionConfigurationPlatforms) = preSolution
		ClientProfiles|Any CPU = ClientProfiles|Any CPU
		Debug|Any CPU = Debug|Any CPU
		Release|Any CPU = Release|Any CPU
	EndGlobalSection
	GlobalSection(ProjectConfigurationPlatforms) = postSolution
		{C1BDDF6E-0BB1-43B9-AA2C-3F0BAFFA263D}.ClientProfiles|Any CPU.ActiveCfg = Release|Any CPU
		{C1BDDF6E-0BB1-43B9-AA2C-3F0BAFFA263D}.ClientProfiles|Any CPU.Build.0 = Release|Any CPU
		{C1BDDF6E-0BB1-43B9-AA2C-3F0BAFFA263D}.Debug|Any CPU.ActiveCfg = Debug|Any CPU
		{C1BDDF6E-0BB1-43B9-AA2C-3F0BAFFA263D}.Debug|Any CPU.Build.0 = Debug|Any CPU
		{C1BDDF6E-0BB1-43B9-AA2C-3F0BAFFA263D}.Release|Any CPU.ActiveCfg = Release|Any CPU
		{C1BDDF6E-0BB1-43B9-AA2C-3F0BAFFA263D}.Release|Any CPU.Build.0 = Release|Any CPU
		{5BE8393A-831B-42B1-A8F2-4E449E49E920}.ClientProfiles|Any CPU.ActiveCfg = Release|Any CPU
		{5BE8393A-831B-42B1-A8F2-4E449E49E920}.ClientProfiles|Any CPU.Build.0 = Release|Any CPU
		{5BE8393A-831B-42B1-A8F2-4E449E49E920}.Debug|Any CPU.ActiveCfg = Debug|Any CPU
		{5BE8393A-831B-42B1-A8F2-4E449E49E920}.Debug|Any CPU.Build.0 = Debug|Any CPU
		{5BE8393A-831B-42B1-A8F2-4E449E49E920}.Release|Any CPU.ActiveCfg = Release|Any CPU
		{5BE8393A-831B-42B1-A8F2-4E449E49E920}.Release|Any CPU.Build.0 = Release|Any CPU
		{6B2D8183-EF43-41B6-8BD3-51045B14705A}.ClientProfiles|Any CPU.ActiveCfg = Release|Any CPU
		{6B2D8183-EF43-41B6-8BD3-51045B14705A}.ClientProfiles|Any CPU.Build.0 = Release|Any CPU
		{6B2D8183-EF43-41B6-8BD3-51045B14705A}.ClientProfiles|Any CPU.Deploy.0 = Release|Any CPU
		{6B2D8183-EF43-41B6-8BD3-51045B14705A}.Debug|Any CPU.ActiveCfg = Debug|Any CPU
		{6B2D8183-EF43-41B6-8BD3-51045B14705A}.Debug|Any CPU.Build.0 = Debug|Any CPU
		{6B2D8183-EF43-41B6-8BD3-51045B14705A}.Debug|Any CPU.Deploy.0 = Debug|Any CPU
		{6B2D8183-EF43-41B6-8BD3-51045B14705A}.Release|Any CPU.ActiveCfg = Release|Any CPU
		{6B2D8183-EF43-41B6-8BD3-51045B14705A}.Release|Any CPU.Build.0 = Release|Any CPU
		{6B2D8183-EF43-41B6-8BD3-51045B14705A}.Release|Any CPU.Deploy.0 = Release|Any CPU
		{3059FD1C-4B4B-4460-A0D4-53C84CCE6CAC}.ClientProfiles|Any CPU.ActiveCfg = ClientProfiles|Any CPU
		{3059FD1C-4B4B-4460-A0D4-53C84CCE6CAC}.ClientProfiles|Any CPU.Build.0 = ClientProfiles|Any CPU
		{3059FD1C-4B4B-4460-A0D4-53C84CCE6CAC}.Debug|Any CPU.ActiveCfg = Debug|Any CPU
		{3059FD1C-4B4B-4460-A0D4-53C84CCE6CAC}.Debug|Any CPU.Build.0 = Debug|Any CPU
		{3059FD1C-4B4B-4460-A0D4-53C84CCE6CAC}.Release|Any CPU.ActiveCfg = Release|Any CPU
		{3059FD1C-4B4B-4460-A0D4-53C84CCE6CAC}.Release|Any CPU.Build.0 = Release|Any CPU
	EndGlobalSection
	GlobalSection(SolutionProperties) = preSolution
		HideSolutionNode = FALSE
	EndGlobalSection
EndGlobal
